
Microsoft Visual Studio Solution File, Format Version 12.00
# Visual Studio Version 17
VisualStudioVersion = 17.1.32228.430
MinimumVisualStudioVersion = 10.0.40219.1
Project("{FAE04EC0-301F-11D3-BF4B-00C04F79EFBC}") = "RestaurantManagementSystem", "RestaurantManagementSystem\RestaurantManagementSystem.csproj", "{746534E5-B896-4BC5-9CB1-6A5F550D7B9E}"
EndProject
Global
	GlobalSection(SolutionConfigurationPlatforms) = preSolution
		Debug|Any CPU = Debug|Any CPU
		Release|Any CPU = Release|Any CPU
	EndGlobalSection
	GlobalSection(ProjectConfigurationPlatforms) = postSolution
		{746534E5-B896-4BC5-9CB1-6A5F550D7B9E}.Debug|Any CPU.ActiveCfg = Debug|Any CPU
		{746534E5-B896-4BC5-9CB1-6A5F550D7B9E}.Debug|Any CPU.Build.0 = Debug|Any CPU
		{746534E5-B896-4BC5-9CB1-6A5F550D7B9E}.Release|Any CPU.ActiveCfg = Release|Any CPU
		{746534E5-B896-4BC5-9CB1-6A5F550D7B9E}.Release|Any CPU.Build.0 = Release|Any CPU
	EndGlobalSection
	GlobalSection(SolutionProperties) = preSolution
		HideSolutionNode = FALSE
	EndGlobalSection
	GlobalSection(ExtensibilityGlobals) = postSolution
		SolutionGuid = {7D447ED2-D6CB-4E7A-9669-9D5B227262FD}
	EndGlobalSection
EndGlobal
